
Microsoft Visual Studio Solution File, Format Version 12.00
# Visual Studio Version 16
VisualStudioVersion = 16.0.29201.188
MinimumVisualStudioVersion = 10.0.40219.1
Project("{FAE04EC0-301F-11D3-BF4B-00C04F79EFBC}") = "ConsoleVKGroupScanner", "ConsoleVKGroupScanner\ConsoleVKGroupScanner.csproj", "{838370BC-35D0-4EB3-A803-B549EB724C15}"
EndProject
Global
	GlobalSection(SolutionConfigurationPlatforms) = preSolution
		Debug|Any CPU = Debug|Any CPU
		Release|Any CPU = Release|Any CPU
	EndGlobalSection
	GlobalSection(ProjectConfigurationPlatforms) = postSolution
		{838370BC-35D0-4EB3-A803-B549EB724C15}.Debug|Any CPU.ActiveCfg = Debug|Any CPU
		{838370BC-35D0-4EB3-A803-B549EB724C15}.Debug|Any CPU.Build.0 = Debug|Any CPU
		{838370BC-35D0-4EB3-A803-B549EB724C15}.Release|Any CPU.ActiveCfg = Release|Any CPU
		{838370BC-35D0-4EB3-A803-B549EB724C15}.Release|Any CPU.Build.0 = Release|Any CPU
	EndGlobalSection
	GlobalSection(SolutionProperties) = preSolution
		HideSolutionNode = FALSE
	EndGlobalSection
	GlobalSection(ExtensibilityGlobals) = postSolution
		SolutionGuid = {0F42D2F5-067C-4503-91FF-EE9D603276C6}
	EndGlobalSection
EndGlobal
